PODS:
  - Alamofire (5.9.1)
  - Kingfisher (8.3.2)
  - Moya (15.0.0):
    - Moya/Core (= 15.0.0)
  - Moya/Core (15.0.0):
    - Alamofire (~> 5.0)
  - SwiftGen (6.6.3)

DEPENDENCIES:
  - Kingfisher (~> 8.0)
  - Moya
  - SwiftGen (~> 6.0)

SPEC REPOS:
  trunk:
    - Alamofire
    - Kingfisher
    - Moya
    - SwiftGen

SPEC CHECKSUMS:
  Alamofire: f36a35757af4587d8e4f4bfa223ad10be2422b8c
  Kingfisher: 0621d0ac0c78fecb19f6dc5303bde2b52abaf2f5
  Moya: 138f0573e53411fb3dc17016add0b748dfbd78ee
  SwiftGen: 4993cbf71cbc4886f775e26f8d5c3a1188ec9f99

PODFILE CHECKSUM: edac83eb33ea675e307617fd4a5cb6eaa901fd4c

COCOAPODS: 1.16.2
