// !$*UTF8*$!
{
	archiveVersion = 1;
	classes = {
	};
	objectVersion = 56;
	objects = {

/* Begin PBXBuildFile section */
		08E3B7749D5F3E170F91116E /* Pods_Pokedex_Watch_AppTests.framework in Frameworks */ = {isa = PBXBuildFile; fileRef = 5A7AA681EFFB2A111AF5B4B2 /* Pods_Pokedex_Watch_AppTests.framework */; };
		0D4BABF55169D7549DFD9E25 /* Pods_Pokedex_Watch_App_Pokedex_Watch_AppUITests.framework in Frameworks */ = {isa = PBXBuildFile; fileRef = 098F43BD18B3E5099CF11B09 /* Pods_Pokedex_Watch_App_Pokedex_Watch_AppUITests.framework */; };
		1F0A8CE52C7E4458006C6081 /* PokemonListViewModel.swift in Sources */ = {isa = PBXBuildFile; fileRef = 1F0A8CE42C7E4458006C6081 /* PokemonListViewModel.swift */; };
		1F1391692C7E9E4100872F68 /* String+Extension.swift in Sources */ = {isa = PBXBuildFile; fileRef = 1F1391682C7E9E4100872F68 /* String+Extension.swift */; };
		1F13916B2C7E9ED800872F68 /* Image+Extension.swift in Sources */ = {isa = PBXBuildFile; fileRef = 1F13916A2C7E9ED800872F68 /* Image+Extension.swift */; };
		1F19DBEF2C7CCEB1008E289B /* PokemonRowView.swift in Sources */ = {isa = PBXBuildFile; fileRef = 1F19DBEE2C7CCEB1008E289B /* PokemonRowView.swift */; };
		1F19DBF22C7CE28B008E289B /* PokemonDetailView.swift in Sources */ = {isa = PBXBuildFile; fileRef = 1F19DBF12C7CE28B008E289B /* PokemonDetailView.swift */; };
		1F19DBF52C7CF19F008E289B /* PokeAPI.swift in Sources */ = {isa = PBXBuildFile; fileRef = 1F19DBF42C7CF19F008E289B /* PokeAPI.swift */; };
		1F19DBF72C7D21ED008E289B /* Network.swift in Sources */ = {isa = PBXBuildFile; fileRef = 1F19DBF62C7D21ED008E289B /* Network.swift */; };
		1F19DBFF2C7D3267008E289B /* Pokedex.swift in Sources */ = {isa = PBXBuildFile; fileRef = 1F19DBFE2C7D3267008E289B /* Pokedex.swift */; };
		1F19DC012C7D333B008E289B /* PokeRepository.swift in Sources */ = {isa = PBXBuildFile; fileRef = 1F19DC002C7D333B008E289B /* PokeRepository.swift */; };
		1F300B772C765568006DA76E /* Assets.swift in Sources */ = {isa = PBXBuildFile; fileRef = 1F300B762C765568006DA76E /* Assets.swift */; };
		1F4430AB2C6BAE9B00A4A7D8 /* Pokedex Watch App.app in Embed Watch Content */ = {isa = PBXBuildFile; fileRef = 1F4430AA2C6BAE9B00A4A7D8 /* Pokedex Watch App.app */; settings = {ATTRIBUTES = (RemoveHeadersOnCopy, ); }; };
		1F4430B42C6BAE9C00A4A7D8 /* Assets.xcassets in Resources */ = {isa = PBXBuildFile; fileRef = 1F4430B32C6BAE9C00A4A7D8 /* Assets.xcassets */; };
		1F4430B72C6BAE9C00A4A7D8 /* Preview Assets.xcassets in Resources */ = {isa = PBXBuildFile; fileRef = 1F4430B62C6BAE9C00A4A7D8 /* Preview Assets.xcassets */; };
		1F4430C12C6BAE9C00A4A7D8 /* Pokedex_Watch_AppTests.swift in Sources */ = {isa = PBXBuildFile; fileRef = 1F4430C02C6BAE9C00A4A7D8 /* Pokedex_Watch_AppTests.swift */; };
		1F4430CB2C6BAE9C00A4A7D8 /* Pokedex_Watch_AppUITests.swift in Sources */ = {isa = PBXBuildFile; fileRef = 1F4430CA2C6BAE9C00A4A7D8 /* Pokedex_Watch_AppUITests.swift */; };
		1F4430CD2C6BAE9C00A4A7D8 /* Pokedex_Watch_AppUITestsLaunchTests.swift in Sources */ = {isa = PBXBuildFile; fileRef = 1F4430CC2C6BAE9C00A4A7D8 /* Pokedex_Watch_AppUITestsLaunchTests.swift */; };
		1F5D571A2C81FF5400FA533B /* PokemonType.swift in Sources */ = {isa = PBXBuildFile; fileRef = 1F5D57192C81FF5400FA533B /* PokemonType.swift */; };
		1F7729C52C7F721600265B2D /* PokemonDetailViewModel.swift in Sources */ = {isa = PBXBuildFile; fileRef = 1F7729C42C7F721600265B2D /* PokemonDetailViewModel.swift */; };
		1FABD0182C7645CB00A1FC97 /* PokemonListView.swift in Sources */ = {isa = PBXBuildFile; fileRef = 1FABD0162C7645CB00A1FC97 /* PokemonListView.swift */; };
		1FDDEEBC2C7645A3003E7D08 /* PokedexApp.swift in Sources */ = {isa = PBXBuildFile; fileRef = 1FDDEEBA2C7645A3003E7D08 /* PokedexApp.swift */; };
		1FE027FA2C7F448300415E7B /* Pokemon.swift in Sources */ = {isa = PBXBuildFile; fileRef = 1FE027F92C7F448300415E7B /* Pokemon.swift */; };
		84A14158188AA8B23BB62ED8 /* Pods_Pokedex_Watch_App.framework in Frameworks */ = {isa = PBXBuildFile; fileRef = 5100EC560C86768305A3E35D /* Pods_Pokedex_Watch_App.framework */; };
/* End PBXBuildFile section */

/* Begin PBXContainerItemProxy section */
		1F4430AC2C6BAE9B00A4A7D8 /* PBXContainerItemProxy */ = {
			isa = PBXContainerItemProxy;
			containerPortal = 1F44309E2C6BAE9A00A4A7D8 /* Project object */;
			proxyType = 1;
			remoteGlobalIDString = 1F4430A92C6BAE9B00A4A7D8;
			remoteInfo = "Pokedex Watch App";
		};
		1F4430BD2C6BAE9C00A4A7D8 /* PBXContainerItemProxy */ = {
			isa = PBXContainerItemProxy;
			containerPortal = 1F44309E2C6BAE9A00A4A7D8 /* Project object */;
			proxyType = 1;
			remoteGlobalIDString = 1F4430A92C6BAE9B00A4A7D8;
			remoteInfo = "Pokedex Watch App";
		};
		1F4430C72C6BAE9C00A4A7D8 /* PBXContainerItemProxy */ = {
			isa = PBXContainerItemProxy;
			containerPortal = 1F44309E2C6BAE9A00A4A7D8 /* Project object */;
			proxyType = 1;
			remoteGlobalIDString = 1F4430A92C6BAE9B00A4A7D8;
			remoteInfo = "Pokedex Watch App";
		};
/* End PBXContainerItemProxy section */

/* Begin PBXCopyFilesBuildPhase section */
		1F4430D32C6BAE9C00A4A7D8 /* Embed Watch Content */ = {
			isa = PBXCopyFilesBuildPhase;
			buildActionMask = 2147483647;
			dstPath = "$(CONTENTS_FOLDER_PATH)/Watch";
			dstSubfolderSpec = 16;
			files = (
				1F4430AB2C6BAE9B00A4A7D8 /* Pokedex Watch App.app in Embed Watch Content */,
			);
			name = "Embed Watch Content";
			runOnlyForDeploymentPostprocessing = 0;
		};
/* End PBXCopyFilesBuildPhase section */

/* Begin PBXFileReference section */
		098F43BD18B3E5099CF11B09 /* Pods_Pokedex_Watch_App_Pokedex_Watch_AppUITests.framework */ = {isa = PBXFileReference; explicitFileType = wrapper.framework; includeInIndex = 0; path = Pods_Pokedex_Watch_App_Pokedex_Watch_AppUITests.framework; sourceTree = BUILT_PRODUCTS_DIR; };
		1F0A8CE42C7E4458006C6081 /* PokemonListViewModel.swift */ = {isa = PBXFileReference; lastKnownFileType = sourcecode.swift; path = PokemonListViewModel.swift; sourceTree = "<group>"; };
		1F1391682C7E9E4100872F68 /* String+Extension.swift */ = {isa = PBXFileReference; lastKnownFileType = sourcecode.swift; path = "String+Extension.swift"; sourceTree = "<group>"; };
		1F13916A2C7E9ED800872F68 /* Image+Extension.swift */ = {isa = PBXFileReference; lastKnownFileType = sourcecode.swift; path = "Image+Extension.swift"; sourceTree = "<group>"; };
		1F19DBEE2C7CCEB1008E289B /* PokemonRowView.swift */ = {isa = PBXFileReference; lastKnownFileType = sourcecode.swift; path = PokemonRowView.swift; sourceTree = "<group>"; };
		1F19DBF12C7CE28B008E289B /* PokemonDetailView.swift */ = {isa = PBXFileReference; lastKnownFileType = sourcecode.swift; path = PokemonDetailView.swift; sourceTree = "<group>"; };
		1F19DBF42C7CF19F008E289B /* PokeAPI.swift */ = {isa = PBXFileReference; lastKnownFileType = sourcecode.swift; path = PokeAPI.swift; sourceTree = "<group>"; };
		1F19DBF62C7D21ED008E289B /* Network.swift */ = {isa = PBXFileReference; lastKnownFileType = sourcecode.swift; path = Network.swift; sourceTree = "<group>"; };
		1F19DBFE2C7D3267008E289B /* Pokedex.swift */ = {isa = PBXFileReference; fileEncoding = 4; lastKnownFileType = sourcecode.swift; path = Pokedex.swift; sourceTree = "<group>"; };
		1F19DC002C7D333B008E289B /* PokeRepository.swift */ = {isa = PBXFileReference; lastKnownFileType = sourcecode.swift; path = PokeRepository.swift; sourceTree = "<group>"; };
		1F300B762C765568006DA76E /* Assets.swift */ = {isa = PBXFileReference; fileEncoding = 4; lastKnownFileType = sourcecode.swift; path = Assets.swift; sourceTree = "<group>"; };
		1F4430A42C6BAE9B00A4A7D8 /* Pokedex.app */ = {isa = PBXFileReference; explicitFileType = wrapper.application; includeInIndex = 0; path = Pokedex.app; sourceTree = BUILT_PRODUCTS_DIR; };
		1F4430AA2C6BAE9B00A4A7D8 /* Pokedex Watch App.app */ = {isa = PBXFileReference; explicitFileType = wrapper.application; includeInIndex = 0; path = "Pokedex Watch App.app"; sourceTree = BUILT_PRODUCTS_DIR; };
		1F4430B32C6BAE9C00A4A7D8 /* Assets.xcassets */ = {isa = PBXFileReference; lastKnownFileType = folder.assetcatalog; path = Assets.xcassets; sourceTree = "<group>"; };
		1F4430B62C6BAE9C00A4A7D8 /* Preview Assets.xcassets */ = {isa = PBXFileReference; lastKnownFileType = folder.assetcatalog; path = "Preview Assets.xcassets"; sourceTree = "<group>"; };
		1F4430BC2C6BAE9C00A4A7D8 /* Pokedex Watch AppTests.xctest */ = {isa = PBXFileReference; explicitFileType = wrapper.cfbundle; includeInIndex = 0; path = "Pokedex Watch AppTests.xctest"; sourceTree = BUILT_PRODUCTS_DIR; };
		1F4430C02C6BAE9C00A4A7D8 /* Pokedex_Watch_AppTests.swift */ = {isa = PBXFileReference; lastKnownFileType = sourcecode.swift; path = Pokedex_Watch_AppTests.swift; sourceTree = "<group>"; };
		1F4430C62C6BAE9C00A4A7D8 /* Pokedex Watch AppUITests.xctest */ = {isa = PBXFileReference; explicitFileType = wrapper.cfbundle; includeInIndex = 0; path = "Pokedex Watch AppUITests.xctest"; sourceTree = BUILT_PRODUCTS_DIR; };
		1F4430CA2C6BAE9C00A4A7D8 /* Pokedex_Watch_AppUITests.swift */ = {isa = PBXFileReference; lastKnownFileType = sourcecode.swift; path = Pokedex_Watch_AppUITests.swift; sourceTree = "<group>"; };
		1F4430CC2C6BAE9C00A4A7D8 /* Pokedex_Watch_AppUITestsLaunchTests.swift */ = {isa = PBXFileReference; lastKnownFileType = sourcecode.swift; path = Pokedex_Watch_AppUITestsLaunchTests.swift; sourceTree = "<group>"; };
		1F5D57192C81FF5400FA533B /* PokemonType.swift */ = {isa = PBXFileReference; lastKnownFileType = sourcecode.swift; path = PokemonType.swift; sourceTree = "<group>"; };
		1F7729C42C7F721600265B2D /* PokemonDetailViewModel.swift */ = {isa = PBXFileReference; lastKnownFileType = sourcecode.swift; path = PokemonDetailViewModel.swift; sourceTree = "<group>"; };
		1FABD0162C7645CB00A1FC97 /* PokemonListView.swift */ = {isa = PBXFileReference; fileEncoding = 4; lastKnownFileType = sourcecode.swift; path = PokemonListView.swift; sourceTree = "<group>"; };
		1FDDEEBA2C7645A3003E7D08 /* PokedexApp.swift */ = {isa = PBXFileReference; fileEncoding = 4; lastKnownFileType = sourcecode.swift; path = PokedexApp.swift; sourceTree = "<group>"; };
		1FE027F92C7F448300415E7B /* Pokemon.swift */ = {isa = PBXFileReference; lastKnownFileType = sourcecode.swift; path = Pokemon.swift; sourceTree = "<group>"; };
		2D3FB6A991B7FE0A31FBF050 /* Pods-Pokedex Watch App-Pokedex Watch AppUITests.debug.xcconfig */ = {isa = PBXFileReference; includeInIndex = 1; lastKnownFileType = text.xcconfig; name = "Pods-Pokedex Watch App-Pokedex Watch AppUITests.debug.xcconfig"; path = "Target Support Files/Pods-Pokedex Watch App-Pokedex Watch AppUITests/Pods-Pokedex Watch App-Pokedex Watch AppUITests.debug.xcconfig"; sourceTree = "<group>"; };
		5100EC560C86768305A3E35D /* Pods_Pokedex_Watch_App.framework */ = {isa = PBXFileReference; explicitFileType = wrapper.framework; includeInIndex = 0; path = Pods_Pokedex_Watch_App.framework; sourceTree = BUILT_PRODUCTS_DIR; };
		5A7AA681EFFB2A111AF5B4B2 /* Pods_Pokedex_Watch_AppTests.framework */ = {isa = PBXFileReference; explicitFileType = wrapper.framework; includeInIndex = 0; path = Pods_Pokedex_Watch_AppTests.framework; sourceTree = BUILT_PRODUCTS_DIR; };
		9B5C83CDD64A5F35DA846BC4 /* Pods-Pokedex Watch App-Pokedex Watch AppUITests.release.xcconfig */ = {isa = PBXFileReference; includeInIndex = 1; lastKnownFileType = text.xcconfig; name = "Pods-Pokedex Watch App-Pokedex Watch AppUITests.release.xcconfig"; path = "Target Support Files/Pods-Pokedex Watch App-Pokedex Watch AppUITests/Pods-Pokedex Watch App-Pokedex Watch AppUITests.release.xcconfig"; sourceTree = "<group>"; };
		D896508263D559473FD1A962 /* Pods-Pokedex Watch AppTests.release.xcconfig */ = {isa = PBXFileReference; includeInIndex = 1; lastKnownFileType = text.xcconfig; name = "Pods-Pokedex Watch AppTests.release.xcconfig"; path = "Target Support Files/Pods-Pokedex Watch AppTests/Pods-Pokedex Watch AppTests.release.xcconfig"; sourceTree = "<group>"; };
		DAB4448787D800DF19039602 /* Pods-Pokedex Watch App.debug.xcconfig */ = {isa = PBXFileReference; includeInIndex = 1; lastKnownFileType = text.xcconfig; name = "Pods-Pokedex Watch App.debug.xcconfig"; path = "Target Support Files/Pods-Pokedex Watch App/Pods-Pokedex Watch App.debug.xcconfig"; sourceTree = "<group>"; };
		E51246867D0B423F78F2E0DA /* Pods-Pokedex Watch App.release.xcconfig */ = {isa = PBXFileReference; includeInIndex = 1; lastKnownFileType = text.xcconfig; name = "Pods-Pokedex Watch App.release.xcconfig"; path = "Target Support Files/Pods-Pokedex Watch App/Pods-Pokedex Watch App.release.xcconfig"; sourceTree = "<group>"; };
		EB7916F88C20D180F21D350E /* Pods-Pokedex Watch AppTests.debug.xcconfig */ = {isa = PBXFileReference; includeInIndex = 1; lastKnownFileType = text.xcconfig; name = "Pods-Pokedex Watch AppTests.debug.xcconfig"; path = "Target Support Files/Pods-Pokedex Watch AppTests/Pods-Pokedex Watch AppTests.debug.xcconfig"; sourceTree = "<group>"; };
/* End PBXFileReference section */

/* Begin PBXFrameworksBuildPhase section */
		1F4430A72C6BAE9B00A4A7D8 /* Frameworks */ = {
			isa = PBXFrameworksBuildPhase;
			buildActionMask = 2147483647;
			files = (
				84A14158188AA8B23BB62ED8 /* Pods_Pokedex_Watch_App.framework in Frameworks */,
			);
			runOnlyForDeploymentPostprocessing = 0;
		};
		1F4430B92C6BAE9C00A4A7D8 /* Frameworks */ = {
			isa = PBXFrameworksBuildPhase;
			buildActionMask = 2147483647;
			files = (
				08E3B7749D5F3E170F91116E /* Pods_Pokedex_Watch_AppTests.framework in Frameworks */,
			);
			runOnlyForDeploymentPostprocessing = 0;
		};
		1F4430C32C6BAE9C00A4A7D8 /* Frameworks */ = {
			isa = PBXFrameworksBuildPhase;
			buildActionMask = 2147483647;
			files = (
				0D4BABF55169D7549DFD9E25 /* Pods_Pokedex_Watch_App_Pokedex_Watch_AppUITests.framework in Frameworks */,
			);
			runOnlyForDeploymentPostprocessing = 0;
		};
/* End PBXFrameworksBuildPhase section */

/* Begin PBXGroup section */
		06A29357EE52501DFBC8228E /* Pods */ = {
			isa = PBXGroup;
			children = (
				DAB4448787D800DF19039602 /* Pods-Pokedex Watch App.debug.xcconfig */,
				E51246867D0B423F78F2E0DA /* Pods-Pokedex Watch App.release.xcconfig */,
				2D3FB6A991B7FE0A31FBF050 /* Pods-Pokedex Watch App-Pokedex Watch AppUITests.debug.xcconfig */,
				9B5C83CDD64A5F35DA846BC4 /* Pods-Pokedex Watch App-Pokedex Watch AppUITests.release.xcconfig */,
				EB7916F88C20D180F21D350E /* Pods-Pokedex Watch AppTests.debug.xcconfig */,
				D896508263D559473FD1A962 /* Pods-Pokedex Watch AppTests.release.xcconfig */,
			);
			path = Pods;
			sourceTree = "<group>";
		};
		1F1391672C7E9E0B00872F68 /* Utilities */ = {
			isa = PBXGroup;
			children = (
				1F1391682C7E9E4100872F68 /* String+Extension.swift */,
				1F13916A2C7E9ED800872F68 /* Image+Extension.swift */,
			);
			path = Utilities;
			sourceTree = "<group>";
		};
		1F19DBF02C7CE26E008E289B /* PokemonDetail */ = {
			isa = PBXGroup;
			children = (
				1F19DBF12C7CE28B008E289B /* PokemonDetailView.swift */,
				1F7729C42C7F721600265B2D /* PokemonDetailViewModel.swift */,
			);
			path = PokemonDetail;
			sourceTree = "<group>";
		};
		1F19DBF32C7CF07A008E289B /* Network */ = {
			isa = PBXGroup;
			children = (
				1F19DBF62C7D21ED008E289B /* Network.swift */,
				1F19DBF42C7CF19F008E289B /* PokeAPI.swift */,
				1F19DC002C7D333B008E289B /* PokeRepository.swift */,
			);
			path = Network;
			sourceTree = "<group>";
		};
		1F19DBFD2C7D3252008E289B /* Models */ = {
			isa = PBXGroup;
			children = (
				1F19DBFE2C7D3267008E289B /* Pokedex.swift */,
				1FE027F92C7F448300415E7B /* Pokemon.swift */,
				1F5D57192C81FF5400FA533B /* PokemonType.swift */,
			);
			path = Models;
			sourceTree = "<group>";
		};
		1F44309D2C6BAE9A00A4A7D8 = {
			isa = PBXGroup;
			children = (
				1F4430AE2C6BAE9B00A4A7D8 /* Pokedex Watch App */,
				1F4430BF2C6BAE9C00A4A7D8 /* Pokedex Watch AppTests */,
				1F4430C92C6BAE9C00A4A7D8 /* Pokedex Watch AppUITests */,
				1F4430A52C6BAE9B00A4A7D8 /* Products */,
				06A29357EE52501DFBC8228E /* Pods */,
				70A3724270C00C3954168966 /* Frameworks */,
			);
			sourceTree = "<group>";
		};
		1F4430A52C6BAE9B00A4A7D8 /* Products */ = {
			isa = PBXGroup;
			children = (
				1F4430A42C6BAE9B00A4A7D8 /* Pokedex.app */,
				1F4430AA2C6BAE9B00A4A7D8 /* Pokedex Watch App.app */,
				1F4430BC2C6BAE9C00A4A7D8 /* Pokedex Watch AppTests.xctest */,
				1F4430C62C6BAE9C00A4A7D8 /* Pokedex Watch AppUITests.xctest */,
			);
			name = Products;
			sourceTree = "<group>";
		};
		1F4430AE2C6BAE9B00A4A7D8 /* Pokedex Watch App */ = {
			isa = PBXGroup;
			children = (
				1F19DBFD2C7D3252008E289B /* Models */,
				1FE8D47D2C761D8E00CB96FE /* Resources */,
				1FABD01C2C76461600A1FC97 /* Services */,
				1FDDEEBB2C7645A3003E7D08 /* Supporting Files */,
				1F1391672C7E9E0B00872F68 /* Utilities */,
				1FABD0172C7645CB00A1FC97 /* Views */,
			);
			path = "Pokedex Watch App";
			sourceTree = "<group>";
		};
		1F4430B52C6BAE9C00A4A7D8 /* Preview Content */ = {
			isa = PBXGroup;
			children = (
				1F4430B62C6BAE9C00A4A7D8 /* Preview Assets.xcassets */,
			);
			path = "Preview Content";
			sourceTree = "<group>";
		};
		1F4430BF2C6BAE9C00A4A7D8 /* Pokedex Watch AppTests */ = {
			isa = PBXGroup;
			children = (
				1F4430C02C6BAE9C00A4A7D8 /* Pokedex_Watch_AppTests.swift */,
			);
			path = "Pokedex Watch AppTests";
			sourceTree = "<group>";
		};
		1F4430C92C6BAE9C00A4A7D8 /* Pokedex Watch AppUITests */ = {
			isa = PBXGroup;
			children = (
				1F4430CA2C6BAE9C00A4A7D8 /* Pokedex_Watch_AppUITests.swift */,
				1F4430CC2C6BAE9C00A4A7D8 /* Pokedex_Watch_AppUITestsLaunchTests.swift */,
			);
			path = "Pokedex Watch AppUITests";
			sourceTree = "<group>";
		};
		1FABD0172C7645CB00A1FC97 /* Views */ = {
			isa = PBXGroup;
			children = (
				1FF78F272C7CCB4000592A54 /* Shared */,
				1FF78F282C7CCC2E00592A54 /* Screens */,
			);
			path = Views;
			sourceTree = "<group>";
		};
		1FABD01C2C76461600A1FC97 /* Services */ = {
			isa = PBXGroup;
			children = (
				1F19DBF32C7CF07A008E289B /* Network */,
			);
			path = Services;
			sourceTree = "<group>";
		};
		1FABD01F2C7650E700A1FC97 /* Generated */ = {
			isa = PBXGroup;
			children = (
				1F300B762C765568006DA76E /* Assets.swift */,
			);
			path = Generated;
			sourceTree = "<group>";
		};
		1FDDEEBB2C7645A3003E7D08 /* Supporting Files */ = {
			isa = PBXGroup;
			children = (
				1FDDEEBA2C7645A3003E7D08 /* PokedexApp.swift */,
			);
			path = "Supporting Files";
			sourceTree = "<group>";
		};
		1FE8D47D2C761D8E00CB96FE /* Resources */ = {
			isa = PBXGroup;
			children = (
				1FABD01F2C7650E700A1FC97 /* Generated */,
				1F4430B52C6BAE9C00A4A7D8 /* Preview Content */,
				1F4430B32C6BAE9C00A4A7D8 /* Assets.xcassets */,
			);
			path = Resources;
			sourceTree = "<group>";
		};
		1FF78F272C7CCB4000592A54 /* Shared */ = {
			isa = PBXGroup;
			children = (
				1F19DBEE2C7CCEB1008E289B /* PokemonRowView.swift */,
			);
			path = Shared;
			sourceTree = "<group>";
		};
		1FF78F282C7CCC2E00592A54 /* Screens */ = {
			isa = PBXGroup;
			children = (
				1F19DBF02C7CE26E008E289B /* PokemonDetail */,
				1FF78F292C7CCC3B00592A54 /* PokemonList */,
			);
			path = Screens;
			sourceTree = "<group>";
		};
		1FF78F292C7CCC3B00592A54 /* PokemonList */ = {
			isa = PBXGroup;
			children = (
				1FABD0162C7645CB00A1FC97 /* PokemonListView.swift */,
				1F0A8CE42C7E4458006C6081 /* PokemonListViewModel.swift */,
			);
			path = PokemonList;
			sourceTree = "<group>";
		};
		70A3724270C00C3954168966 /* Frameworks */ = {
			isa = PBXGroup;
			children = (
				5100EC560C86768305A3E35D /* Pods_Pokedex_Watch_App.framework */,
				098F43BD18B3E5099CF11B09 /* Pods_Pokedex_Watch_App_Pokedex_Watch_AppUITests.framework */,
				5A7AA681EFFB2A111AF5B4B2 /* Pods_Pokedex_Watch_AppTests.framework */,
			);
			name = Frameworks;
			sourceTree = "<group>";
		};
/* End PBXGroup section */

/* Begin PBXNativeTarget section */
		1F4430A32C6BAE9B00A4A7D8 /* Pokedex */ = {
			isa = PBXNativeTarget;
			buildConfigurationList = 1F4430D42C6BAE9C00A4A7D8 /* Build configuration list for PBXNativeTarget "Pokedex" */;
			buildPhases = (
				1F4430A22C6BAE9B00A4A7D8 /* Resources */,
				1F4430D32C6BAE9C00A4A7D8 /* Embed Watch Content */,
			);
			buildRules = (
			);
			dependencies = (
				1F4430AD2C6BAE9B00A4A7D8 /* PBXTargetDependency */,
			);
			name = Pokedex;
			productName = Pokedex;
			productReference = 1F4430A42C6BAE9B00A4A7D8 /* Pokedex.app */;
			productType = "com.apple.product-type.application.watchapp2-container";
		};
		1F4430A92C6BAE9B00A4A7D8 /* Pokedex Watch App */ = {
			isa = PBXNativeTarget;
			buildConfigurationList = 1F4430D02C6BAE9C00A4A7D8 /* Build configuration list for PBXNativeTarget "Pokedex Watch App" */;
			buildPhases = (
				55469D00EEEEFF903E121A93 /* [CP] Check Pods Manifest.lock */,
				1F300B782C7662DD006DA76E /* [Tool] SwiftGen */,
				1F4430A62C6BAE9B00A4A7D8 /* Sources */,
				1F4430A72C6BAE9B00A4A7D8 /* Frameworks */,
				1F4430A82C6BAE9B00A4A7D8 /* Resources */,
				A0FC71DD73DBB6611B8F56B9 /* [CP] Embed Pods Frameworks */,
			);
			buildRules = (
			);
			dependencies = (
			);
			name = "Pokedex Watch App";
			productName = "Pokedex Watch App";
			productReference = 1F4430AA2C6BAE9B00A4A7D8 /* Pokedex Watch App.app */;
			productType = "com.apple.product-type.application";
		};
		1F4430BB2C6BAE9C00A4A7D8 /* Pokedex Watch AppTests */ = {
			isa = PBXNativeTarget;
			buildConfigurationList = 1F4430D72C6BAE9C00A4A7D8 /* Build configuration list for PBXNativeTarget "Pokedex Watch AppTests" */;
			buildPhases = (
				AA7B24EE617F5192313A9752 /* [CP] Check Pods Manifest.lock */,
				1F4430B82C6BAE9C00A4A7D8 /* Sources */,
				1F4430B92C6BAE9C00A4A7D8 /* Frameworks */,
				1F4430BA2C6BAE9C00A4A7D8 /* Resources */,
			);
			buildRules = (
			);
			dependencies = (
				1F4430BE2C6BAE9C00A4A7D8 /* PBXTargetDependency */,
			);
			name = "Pokedex Watch AppTests";
			productName = "Pokedex Watch AppTests";
			productReference = 1F4430BC2C6BAE9C00A4A7D8 /* Pokedex Watch AppTests.xctest */;
			productType = "com.apple.product-type.bundle.unit-test";
		};
		1F4430C52C6BAE9C00A4A7D8 /* Pokedex Watch AppUITests */ = {
			isa = PBXNativeTarget;
			buildConfigurationList = 1F4430DA2C6BAE9C00A4A7D8 /* Build configuration list for PBXNativeTarget "Pokedex Watch AppUITests" */;
			buildPhases = (
				052419B46F54AEA812F9DF40 /* [CP] Check Pods Manifest.lock */,
				1F4430C22C6BAE9C00A4A7D8 /* Sources */,
				1F4430C32C6BAE9C00A4A7D8 /* Frameworks */,
				1F4430C42C6BAE9C00A4A7D8 /* Resources */,
				61EAF6A9E8B54D3F1271A4F4 /* [CP] Embed Pods Frameworks */,
			);
			buildRules = (
			);
			dependencies = (
				1F4430C82C6BAE9C00A4A7D8 /* PBXTargetDependency */,
			);
			name = "Pokedex Watch AppUITests";
			productName = "Pokedex Watch AppUITests";
			productReference = 1F4430C62C6BAE9C00A4A7D8 /* Pokedex Watch AppUITests.xctest */;
			productType = "com.apple.product-type.bundle.ui-testing";
		};
/* End PBXNativeTarget section */

/* Begin PBXProject section */
		1F44309E2C6BAE9A00A4A7D8 /* Project object */ = {
			isa = PBXProject;
			attributes = {
				BuildIndependentTargetsInParallel = 1;
				LastSwiftUpdateCheck = 1540;
				LastUpgradeCheck = 1540;
				TargetAttributes = {
					1F4430A32C6BAE9B00A4A7D8 = {
						CreatedOnToolsVersion = 15.4;
					};
					1F4430A92C6BAE9B00A4A7D8 = {
						CreatedOnToolsVersion = 15.4;
					};
					1F4430BB2C6BAE9C00A4A7D8 = {
						CreatedOnToolsVersion = 15.4;
						TestTargetID = 1F4430A92C6BAE9B00A4A7D8;
					};
					1F4430C52C6BAE9C00A4A7D8 = {
						CreatedOnToolsVersion = 15.4;
						TestTargetID = 1F4430A92C6BAE9B00A4A7D8;
					};
				};
			};
			buildConfigurationList = 1F4430A12C6BAE9A00A4A7D8 /* Build configuration list for PBXProject "Pokedex" */;
			compatibilityVersion = "Xcode 14.0";
			developmentRegion = en;
			hasScannedForEncodings = 0;
			knownRegions = (
				en,
				Base,
			);
			mainGroup = 1F44309D2C6BAE9A00A4A7D8;
			productRefGroup = 1F4430A52C6BAE9B00A4A7D8 /* Products */;
			projectDirPath = "";
			projectRoot = "";
			targets = (
				1F4430A32C6BAE9B00A4A7D8 /* Pokedex */,
				1F4430A92C6BAE9B00A4A7D8 /* Pokedex Watch App */,
				1F4430BB2C6BAE9C00A4A7D8 /* Pokedex Watch AppTests */,
				1F4430C52C6BAE9C00A4A7D8 /* Pokedex Watch AppUITests */,
			);
		};
/* End PBXProject section */

/* Begin PBXResourcesBuildPhase section */
		1F4430A22C6BAE9B00A4A7D8 /* Resources */ = {
			isa = PBXResourcesBuildPhase;
			buildActionMask = 2147483647;
			files = (
			);
			runOnlyForDeploymentPostprocessing = 0;
		};
		1F4430A82C6BAE9B00A4A7D8 /* Resources */ = {
			isa = PBXResourcesBuildPhase;
			buildActionMask = 2147483647;
			files = (
				1F4430B72C6BAE9C00A4A7D8 /* Preview Assets.xcassets in Resources */,
				1F4430B42C6BAE9C00A4A7D8 /* Assets.xcassets in Resources */,
			);
			runOnlyForDeploymentPostprocessing = 0;
		};
		1F4430BA2C6BAE9C00A4A7D8 /* Resources */ = {
			isa = PBXResourcesBuildPhase;
			buildActionMask = 2147483647;
			files = (
			);
			runOnlyForDeploymentPostprocessing = 0;
		};
		1F4430C42C6BAE9C00A4A7D8 /* Resources */ = {
			isa = PBXResourcesBuildPhase;
			buildActionMask = 2147483647;
			files = (
			);
			runOnlyForDeploymentPostprocessing = 0;
		};
/* End PBXResourcesBuildPhase section */

/* Begin PBXShellScriptBuildPhase section */
		052419B46F54AEA812F9DF40 /* [CP] Check Pods Manifest.lock */ = {
			isa = PBXShellScriptBuildPhase;
			buildActionMask = 2147483647;
			files = (
			);
			inputFileListPaths = (
			);
			inputPaths = (
				"${PODS_PODFILE_DIR_PATH}/Podfile.lock",
				"${PODS_ROOT}/Manifest.lock",
			);
			name = "[CP] Check Pods Manifest.lock";
			outputFileListPaths = (
			);
			outputPaths = (
				"$(DERIVED_FILE_DIR)/Pods-Pokedex Watch App-Pokedex Watch AppUITests-checkManifestLockResult.txt",
			);
			runOnlyForDeploymentPostprocessing = 0;
			shellPath = /bin/sh;
			shellScript = "diff \"${PODS_PODFILE_DIR_PATH}/Podfile.lock\" \"${PODS_ROOT}/Manifest.lock\" > /dev/null\nif [ $? != 0 ] ; then\n    # print error to STDERR\n    echo \"error: The sandbox is not in sync with the Podfile.lock. Run 'pod install' or update your CocoaPods installation.\" >&2\n    exit 1\nfi\n# This output is used by Xcode 'outputs' to avoid re-running this script phase.\necho \"SUCCESS\" > \"${SCRIPT_OUTPUT_FILE_0}\"\n";
			showEnvVarsInLog = 0;
		};
		1F300B782C7662DD006DA76E /* [Tool] SwiftGen */ = {
			isa = PBXShellScriptBuildPhase;
			buildActionMask = 2147483647;
			files = (
			);
			inputFileListPaths = (
			);
			inputPaths = (
			);
			name = "[Tool] SwiftGen";
			outputFileListPaths = (
			);
			outputPaths = (
			);
			runOnlyForDeploymentPostprocessing = 0;
			shellPath = /bin/sh;
			shellScript = "if which swiftgen > /dev/null; then\n  swiftgen config run --config \"${SRCROOT}/swiftgen.yml\"\nelse\n  echo \"warning: SwiftGen não está instalado. Por favor, instale-o para gerar os arquivos necessários.\"\nfi\n";
		};
		55469D00EEEEFF903E121A93 /* [CP] Check Pods Manifest.lock */ = {
			isa = PBXShellScriptBuildPhase;
			buildActionMask = 2147483647;
			files = (
			);
			inputFileListPaths = (
			);
			inputPaths = (
				"${PODS_PODFILE_DIR_PATH}/Podfile.lock",
				"${PODS_ROOT}/Manifest.lock",
			);
			name = "[CP] Check Pods Manifest.lock";
			outputFileListPaths = (
			);
			outputPaths = (
				"$(DERIVED_FILE_DIR)/Pods-Pokedex Watch App-checkManifestLockResult.txt",
			);
			runOnlyForDeploymentPostprocessing = 0;
			shellPath = /bin/sh;
			shellScript = "diff \"${PODS_PODFILE_DIR_PATH}/Podfile.lock\" \"${PODS_ROOT}/Manifest.lock\" > /dev/null\nif [ $? != 0 ] ; then\n    # print error to STDERR\n    echo \"error: The sandbox is not in sync with the Podfile.lock. Run 'pod install' or update your CocoaPods installation.\" >&2\n    exit 1\nfi\n# This output is used by Xcode 'outputs' to avoid re-running this script phase.\necho \"SUCCESS\" > \"${SCRIPT_OUTPUT_FILE_0}\"\n";
			showEnvVarsInLog = 0;
		};
		61EAF6A9E8B54D3F1271A4F4 /* [CP] Embed Pods Frameworks */ = {
			isa = PBXShellScriptBuildPhase;
			buildActionMask = 2147483647;
			files = (
			);
			inputFileListPaths = (
				"${PODS_ROOT}/Target Support Files/Pods-Pokedex Watch App-Pokedex Watch AppUITests/Pods-Pokedex Watch App-Pokedex Watch AppUITests-frameworks-${CONFIGURATION}-input-files.xcfilelist",
			);
			name = "[CP] Embed Pods Frameworks";
			outputFileListPaths = (
				"${PODS_ROOT}/Target Support Files/Pods-Pokedex Watch App-Pokedex Watch AppUITests/Pods-Pokedex Watch App-Pokedex Watch AppUITests-frameworks-${CONFIGURATION}-output-files.xcfilelist",
			);
			runOnlyForDeploymentPostprocessing = 0;
			shellPath = /bin/sh;
			shellScript = "\"${PODS_ROOT}/Target Support Files/Pods-Pokedex Watch App-Pokedex Watch AppUITests/Pods-Pokedex Watch App-Pokedex Watch AppUITests-frameworks.sh\"\n";
			showEnvVarsInLog = 0;
		};
		A0FC71DD73DBB6611B8F56B9 /* [CP] Embed Pods Frameworks */ = {
			isa = PBXShellScriptBuildPhase;
			buildActionMask = 2147483647;
			files = (
			);
			inputFileListPaths = (
				"${PODS_ROOT}/Target Support Files/Pods-Pokedex Watch App/Pods-Pokedex Watch App-frameworks-${CONFIGURATION}-input-files.xcfilelist",
			);
			name = "[CP] Embed Pods Frameworks";
			outputFileListPaths = (
				"${PODS_ROOT}/Target Support Files/Pods-Pokedex Watch App/Pods-Pokedex Watch App-frameworks-${CONFIGURATION}-output-files.xcfilelist",
			);
			runOnlyForDeploymentPostprocessing = 0;
			shellPath = /bin/sh;
			shellScript = "\"${PODS_ROOT}/Target Support Files/Pods-Pokedex Watch App/Pods-Pokedex Watch App-frameworks.sh\"\n";
			showEnvVarsInLog = 0;
		};
		AA7B24EE617F5192313A9752 /* [CP] Check Pods Manifest.lock */ = {
			isa = PBXShellScriptBuildPhase;
			buildActionMask = 2147483647;
			files = (
			);
			inputFileListPaths = (
			);
			inputPaths = (
				"${PODS_PODFILE_DIR_PATH}/Podfile.lock",
				"${PODS_ROOT}/Manifest.lock",
			);
			name = "[CP] Check Pods Manifest.lock";
			outputFileListPaths = (
			);
			outputPaths = (
				"$(DERIVED_FILE_DIR)/Pods-Pokedex Watch AppTests-checkManifestLockResult.txt",
			);
			runOnlyForDeploymentPostprocessing = 0;
			shellPath = /bin/sh;
			shellScript = "diff \"${PODS_PODFILE_DIR_PATH}/Podfile.lock\" \"${PODS_ROOT}/Manifest.lock\" > /dev/null\nif [ $? != 0 ] ; then\n    # print error to STDERR\n    echo \"error: The sandbox is not in sync with the Podfile.lock. Run 'pod install' or update your CocoaPods installation.\" >&2\n    exit 1\nfi\n# This output is used by Xcode 'outputs' to avoid re-running this script phase.\necho \"SUCCESS\" > \"${SCRIPT_OUTPUT_FILE_0}\"\n";
			showEnvVarsInLog = 0;
		};
/* End PBXShellScriptBuildPhase section */

/* Begin PBXSourcesBuildPhase section */
		1F4430A62C6BAE9B00A4A7D8 /* Sources */ = {
			isa = PBXSourcesBuildPhase;
			buildActionMask = 2147483647;
			files = (
				1F19DBFF2C7D3267008E289B /* Pokedex.swift in Sources */,
				1F1391692C7E9E4100872F68 /* String+Extension.swift in Sources */,
				1FDDEEBC2C7645A3003E7D08 /* PokedexApp.swift in Sources */,
				1FABD0182C7645CB00A1FC97 /* PokemonListView.swift in Sources */,
				1F0A8CE52C7E4458006C6081 /* PokemonListViewModel.swift in Sources */,
				1F300B772C765568006DA76E /* Assets.swift in Sources */,
				1F19DBF72C7D21ED008E289B /* Network.swift in Sources */,
				1F19DBF52C7CF19F008E289B /* PokeAPI.swift in Sources */,
				1F13916B2C7E9ED800872F68 /* Image+Extension.swift in Sources */,
				1FE027FA2C7F448300415E7B /* Pokemon.swift in Sources */,
				1F19DC012C7D333B008E289B /* PokeRepository.swift in Sources */,
				1F7729C52C7F721600265B2D /* PokemonDetailViewModel.swift in Sources */,
				1F5D571A2C81FF5400FA533B /* PokemonType.swift in Sources */,
				1F19DBF22C7CE28B008E289B /* PokemonDetailView.swift in Sources */,
				1F19DBEF2C7CCEB1008E289B /* PokemonRowView.swift in Sources */,
			);
			runOnlyForDeploymentPostprocessing = 0;
		};
		1F4430B82C6BAE9C00A4A7D8 /* Sources */ = {
			isa = PBXSourcesBuildPhase;
			buildActionMask = 2147483647;
			files = (
				1F4430C12C6BAE9C00A4A7D8 /* Pokedex_Watch_AppTests.swift in Sources */,
			);
			runOnlyForDeploymentPostprocessing = 0;
		};
		1F4430C22C6BAE9C00A4A7D8 /* Sources */ = {
			isa = PBXSourcesBuildPhase;
			buildActionMask = 2147483647;
			files = (
				1F4430CB2C6BAE9C00A4A7D8 /* Pokedex_Watch_AppUITests.swift in Sources */,
				1F4430CD2C6BAE9C00A4A7D8 /* Pokedex_Watch_AppUITestsLaunchTests.swift in Sources */,
			);
			runOnlyForDeploymentPostprocessing = 0;
		};
/* End PBXSourcesBuildPhase section */

/* Begin PBXTargetDependency section */
		1F4430AD2C6BAE9B00A4A7D8 /* PBXTargetDependency */ = {
			isa = PBXTargetDependency;
			target = 1F4430A92C6BAE9B00A4A7D8 /* Pokedex Watch App */;
			targetProxy = 1F4430AC2C6BAE9B00A4A7D8 /* PBXContainerItemProxy */;
		};
		1F4430BE2C6BAE9C00A4A7D8 /* PBXTargetDependency */ = {
			isa = PBXTargetDependency;
			target = 1F4430A92C6BAE9B00A4A7D8 /* Pokedex Watch App */;
			targetProxy = 1F4430BD2C6BAE9C00A4A7D8 /* PBXContainerItemProxy */;
		};
		1F4430C82C6BAE9C00A4A7D8 /* PBXTargetDependency */ = {
			isa = PBXTargetDependency;
			target = 1F4430A92C6BAE9B00A4A7D8 /* Pokedex Watch App */;
			targetProxy = 1F4430C72C6BAE9C00A4A7D8 /* PBXContainerItemProxy */;
		};
/* End PBXTargetDependency section */

/* Begin XCBuildConfiguration section */
		1F4430CE2C6BAE9C00A4A7D8 /* Debug */ = {
			isa = XCBuildConfiguration;
			buildSettings = {
				ALWAYS_SEARCH_USER_PATHS = NO;
				ASSETCATALOG_COMPILER_GENERATE_SWIFT_ASSET_SYMBOL_EXTENSIONS = YES;
				CLANG_ANALYZER_NONNULL = YES;
				CLANG_ANALYZER_NUMBER_OBJECT_CONVERSION = YES_AGGRESSIVE;
				CLANG_CXX_LANGUAGE_STANDARD = "gnu++20";
				CLANG_ENABLE_MODULES = YES;
				CLANG_ENABLE_OBJC_ARC = YES;
				CLANG_ENABLE_OBJC_WEAK = YES;
				CLANG_WARN_BLOCK_CAPTURE_AUTORELEASING = YES;
				CLANG_WARN_BOOL_CONVERSION = YES;
				CLANG_WARN_COMMA = YES;
				CLANG_WARN_CONSTANT_CONVERSION = YES;
				CLANG_WARN_DEPRECATED_OBJC_IMPLEMENTATIONS = YES;
				CLANG_WARN_DIRECT_OBJC_ISA_USAGE = YES_ERROR;
				CLANG_WARN_DOCUMENTATION_COMMENTS = YES;
				CLANG_WARN_EMPTY_BODY = YES;
				CLANG_WARN_ENUM_CONVERSION = YES;
				CLANG_WARN_INFINITE_RECURSION = YES;
				CLANG_WARN_INT_CONVERSION = YES;
				CLANG_WARN_NON_LITERAL_NULL_CONVERSION = YES;
				CLANG_WARN_OBJC_IMPLICIT_RETAIN_SELF = YES;
				CLANG_WARN_OBJC_LITERAL_CONVERSION = YES;
				CLANG_WARN_OBJC_ROOT_CLASS = YES_ERROR;
				CLANG_WARN_QUOTED_INCLUDE_IN_FRAMEWORK_HEADER = YES;
				CLANG_WARN_RANGE_LOOP_ANALYSIS = YES;
				CLANG_WARN_STRICT_PROTOTYPES = YES;
				CLANG_WARN_SUSPICIOUS_MOVE = YES;
				CLANG_WARN_UNGUARDED_AVAILABILITY = YES_AGGRESSIVE;
				CLANG_WARN_UNREACHABLE_CODE = YES;
				CLANG_WARN__DUPLICATE_METHOD_MATCH = YES;
				COPY_PHASE_STRIP = NO;
				DEBUG_INFORMATION_FORMAT = dwarf;
				ENABLE_STRICT_OBJC_MSGSEND = YES;
				ENABLE_TESTABILITY = YES;
				ENABLE_USER_SCRIPT_SANDBOXING = YES;
				GCC_C_LANGUAGE_STANDARD = gnu17;
				GCC_DYNAMIC_NO_PIC = NO;
				GCC_NO_COMMON_BLOCKS = YES;
				GCC_OPTIMIZATION_LEVEL = 0;
				GCC_PREPROCESSOR_DEFINITIONS = (
					"DEBUG=1",
					"$(inherited)",
				);
				GCC_WARN_64_TO_32_BIT_CONVERSION = YES;
				GCC_WARN_ABOUT_RETURN_TYPE = YES_ERROR;
				GCC_WARN_UNDECLARED_SELECTOR = YES;
				GCC_WARN_UNINITIALIZED_AUTOS = YES_AGGRESSIVE;
				GCC_WARN_UNUSED_FUNCTION = YES;
				GCC_WARN_UNUSED_VARIABLE = YES;
				LOCALIZATION_PREFERS_STRING_CATALOGS = YES;
				MTL_ENABLE_DEBUG_INFO = INCLUDE_SOURCE;
				MTL_FAST_MATH = YES;
				ONLY_ACTIVE_ARCH = YES;
				SWIFT_ACTIVE_COMPILATION_CONDITIONS = "DEBUG $(inherited)";
				SWIFT_OPTIMIZATION_LEVEL = "-Onone";
			};
			name = Debug;
		};
		1F4430CF2C6BAE9C00A4A7D8 /* Release */ = {
			isa = XCBuildConfiguration;
			buildSettings = {
				ALWAYS_SEARCH_USER_PATHS = NO;
				ASSETCATALOG_COMPILER_GENERATE_SWIFT_ASSET_SYMBOL_EXTENSIONS = YES;
				CLANG_ANALYZER_NONNULL = YES;
				CLANG_ANALYZER_NUMBER_OBJECT_CONVERSION = YES_AGGRESSIVE;
				CLANG_CXX_LANGUAGE_STANDARD = "gnu++20";
				CLANG_ENABLE_MODULES = YES;
				CLANG_ENABLE_OBJC_ARC = YES;
				CLANG_ENABLE_OBJC_WEAK = YES;
				CLANG_WARN_BLOCK_CAPTURE_AUTORELEASING = YES;
				CLANG_WARN_BOOL_CONVERSION = YES;
				CLANG_WARN_COMMA = YES;
				CLANG_WARN_CONSTANT_CONVERSION = YES;
				CLANG_WARN_DEPRECATED_OBJC_IMPLEMENTATIONS = YES;
				CLANG_WARN_DIRECT_OBJC_ISA_USAGE = YES_ERROR;
				CLANG_WARN_DOCUMENTATION_COMMENTS = YES;
				CLANG_WARN_EMPTY_BODY = YES;
				CLANG_WARN_ENUM_CONVERSION = YES;
				CLANG_WARN_INFINITE_RECURSION = YES;
				CLANG_WARN_INT_CONVERSION = YES;
				CLANG_WARN_NON_LITERAL_NULL_CONVERSION = YES;
				CLANG_WARN_OBJC_IMPLICIT_RETAIN_SELF = YES;
				CLANG_WARN_OBJC_LITERAL_CONVERSION = YES;
				CLANG_WARN_OBJC_ROOT_CLASS = YES_ERROR;
				CLANG_WARN_QUOTED_INCLUDE_IN_FRAMEWORK_HEADER = YES;
				CLANG_WARN_RANGE_LOOP_ANALYSIS = YES;
				CLANG_WARN_STRICT_PROTOTYPES = YES;
				CLANG_WARN_SUSPICIOUS_MOVE = YES;
				CLANG_WARN_UNGUARDED_AVAILABILITY = YES_AGGRESSIVE;
				CLANG_WARN_UNREACHABLE_CODE = YES;
				CLANG_WARN__DUPLICATE_METHOD_MATCH = YES;
				COPY_PHASE_STRIP = NO;
				DEBUG_INFORMATION_FORMAT = "dwarf-with-dsym";
				ENABLE_NS_ASSERTIONS = NO;
				ENABLE_STRICT_OBJC_MSGSEND = YES;
				ENABLE_USER_SCRIPT_SANDBOXING = YES;
				GCC_C_LANGUAGE_STANDARD = gnu17;
				GCC_NO_COMMON_BLOCKS = YES;
				GCC_WARN_64_TO_32_BIT_CONVERSION = YES;
				GCC_WARN_ABOUT_RETURN_TYPE = YES_ERROR;
				GCC_WARN_UNDECLARED_SELECTOR = YES;
				GCC_WARN_UNINITIALIZED_AUTOS = YES_AGGRESSIVE;
				GCC_WARN_UNUSED_FUNCTION = YES;
				GCC_WARN_UNUSED_VARIABLE = YES;
				LOCALIZATION_PREFERS_STRING_CATALOGS = YES;
				MTL_ENABLE_DEBUG_INFO = NO;
				MTL_FAST_MATH = YES;
				SWIFT_COMPILATION_MODE = wholemodule;
			};
			name = Release;
		};
		1F4430D12C6BAE9C00A4A7D8 /* Debug */ = {
			isa = XCBuildConfiguration;
			baseConfigurationReference = DAB4448787D800DF19039602 /* Pods-Pokedex Watch App.debug.xcconfig */;
			buildSettings = {
				ASSETCATALOG_COMPILER_APPICON_NAME = AppIcon;
				ASSETCATALOG_COMPILER_GLOBAL_ACCENT_COLOR_NAME = AccentColor;
				CODE_SIGN_STYLE = Automatic;
				CURRENT_PROJECT_VERSION = 1;
				DEVELOPMENT_ASSET_PATHS = "\"Pokedex Watch App/Resources/Preview Content\"";
				DEVELOPMENT_TEAM = J4M3U924JV;
				ENABLE_PREVIEWS = YES;
				ENABLE_USER_SCRIPT_SANDBOXING = NO;
				GENERATE_INFOPLIST_FILE = YES;
				INFOPLIST_KEY_CFBundleDisplayName = Pokedex;
				INFOPLIST_KEY_UISupportedInterfaceOrientations = "UIInterfaceOrientationPortrait UIInterfaceOrientationPortraitUpsideDown";
				INFOPLIST_KEY_WKWatchOnly = YES;
				LD_RUNPATH_SEARCH_PATHS = (
					"$(inherited)",
					"@executable_path/Frameworks",
				);
				MARKETING_VERSION = 1.0;
				PRODUCT_BUNDLE_IDENTIFIER = com.ricardosalotti.Pokedex.watchkitapp;
				PRODUCT_NAME = "$(TARGET_NAME)";
				SDKROOT = watchos;
				SKIP_INSTALL = YES;
				SWIFT_EMIT_LOC_STRINGS = YES;
				SWIFT_VERSION = 5.0;
				TARGETED_DEVICE_FAMILY = 4;
				WATCHOS_DEPLOYMENT_TARGET = 8.5;
			};
			name = Debug;
		};
		1F4430D22C6BAE9C00A4A7D8 /* Release */ = {
			isa = XCBuildConfiguration;
			baseConfigurationReference = E51246867D0B423F78F2E0DA /* Pods-Pokedex Watch App.release.xcconfig */;
			buildSettings = {
				ASSETCATALOG_COMPILER_APPICON_NAME = AppIcon;
				ASSETCATALOG_COMPILER_GLOBAL_ACCENT_COLOR_NAME = AccentColor;
				CODE_SIGN_STYLE = Automatic;
				CURRENT_PROJECT_VERSION = 1;
				DEVELOPMENT_ASSET_PATHS = "\"Pokedex Watch App/Resources/Preview Content\"";
				DEVELOPMENT_TEAM = J4M3U924JV;
				ENABLE_PREVIEWS = YES;
				ENABLE_USER_SCRIPT_SANDBOXING = NO;
				GENERATE_INFOPLIST_FILE = YES;
				INFOPLIST_KEY_CFBundleDisplayName = Pokedex;
				INFOPLIST_KEY_UISupportedInterfaceOrientations = "UIInterfaceOrientationPortrait UIInterfaceOrientationPortraitUpsideDown";
				INFOPLIST_KEY_WKWatchOnly = YES;
				LD_RUNPATH_SEARCH_PATHS = (
					"$(inherited)",
					"@executable_path/Frameworks",
				);
				MARKETING_VERSION = 1.0;
				PRODUCT_BUNDLE_IDENTIFIER = com.ricardosalotti.Pokedex.watchkitapp;
				PRODUCT_NAME = "$(TARGET_NAME)";
				SDKROOT = watchos;
				SKIP_INSTALL = YES;
				SWIFT_EMIT_LOC_STRINGS = YES;
				SWIFT_VERSION = 5.0;
				TARGETED_DEVICE_FAMILY = 4;
				VALIDATE_PRODUCT = YES;
				WATCHOS_DEPLOYMENT_TARGET = 8.5;
			};
			name = Release;
		};
		1F4430D52C6BAE9C00A4A7D8 /* Debug */ = {
			isa = XCBuildConfiguration;
			buildSettings = {
				ALWAYS_EMBED_SWIFT_STANDARD_LIBRARIES = YES;
				CODE_SIGN_STYLE = Automatic;
				CURRENT_PROJECT_VERSION = 1;
				DEVELOPMENT_TEAM = J4M3U924JV;
				INFOPLIST_KEY_CFBundleDisplayName = Pokedex;
				MARKETING_VERSION = 1.0;
				PRODUCT_BUNDLE_IDENTIFIER = com.ricardosalotti.Pokedex;
				PRODUCT_NAME = "$(TARGET_NAME)";
				SDKROOT = iphoneos;
				SWIFT_VERSION = 5.0;
			};
			name = Debug;
		};
		1F4430D62C6BAE9C00A4A7D8 /* Release */ = {
			isa = XCBuildConfiguration;
			buildSettings = {
				ALWAYS_EMBED_SWIFT_STANDARD_LIBRARIES = YES;
				CODE_SIGN_STYLE = Automatic;
				CURRENT_PROJECT_VERSION = 1;
				DEVELOPMENT_TEAM = J4M3U924JV;
				INFOPLIST_KEY_CFBundleDisplayName = Pokedex;
				MARKETING_VERSION = 1.0;
				PRODUCT_BUNDLE_IDENTIFIER = com.ricardosalotti.Pokedex;
				PRODUCT_NAME = "$(TARGET_NAME)";
				SDKROOT = iphoneos;
				SWIFT_VERSION = 5.0;
				VALIDATE_PRODUCT = YES;
			};
			name = Release;
		};
		1F4430D82C6BAE9C00A4A7D8 /* Debug */ = {
			isa = XCBuildConfiguration;
			baseConfigurationReference = EB7916F88C20D180F21D350E /* Pods-Pokedex Watch AppTests.debug.xcconfig */;
			buildSettings = {
				ALWAYS_EMBED_SWIFT_STANDARD_LIBRARIES = YES;
				BUNDLE_LOADER = "$(TEST_HOST)";
				CODE_SIGN_STYLE = Automatic;
				CURRENT_PROJECT_VERSION = 1;
				DEVELOPMENT_TEAM = J4M3U924JV;
				GENERATE_INFOPLIST_FILE = YES;
				MARKETING_VERSION = 1.0;
				PRODUCT_BUNDLE_IDENTIFIER = "com.ricardosalotti.Pokedex-Watch-AppTests";
				PRODUCT_NAME = "$(TARGET_NAME)";
				SDKROOT = watchos;
				SWIFT_EMIT_LOC_STRINGS = NO;
				SWIFT_VERSION = 5.0;
				TARGETED_DEVICE_FAMILY = 4;
				TEST_HOST = "$(BUILT_PRODUCTS_DIR)/Pokedex Watch App.app/$(BUNDLE_EXECUTABLE_FOLDER_PATH)/Pokedex Watch App";
				WATCHOS_DEPLOYMENT_TARGET = 10.5;
			};
			name = Debug;
		};
		1F4430D92C6BAE9C00A4A7D8 /* Release */ = {
			isa = XCBuildConfiguration;
			baseConfigurationReference = D896508263D559473FD1A962 /* Pods-Pokedex Watch AppTests.release.xcconfig */;
			buildSettings = {
				ALWAYS_EMBED_SWIFT_STANDARD_LIBRARIES = YES;
				BUNDLE_LOADER = "$(TEST_HOST)";
				CODE_SIGN_STYLE = Automatic;
				CURRENT_PROJECT_VERSION = 1;
				DEVELOPMENT_TEAM = J4M3U924JV;
				GENERATE_INFOPLIST_FILE = YES;
				MARKETING_VERSION = 1.0;
				PRODUCT_BUNDLE_IDENTIFIER = "com.ricardosalotti.Pokedex-Watch-AppTests";
				PRODUCT_NAME = "$(TARGET_NAME)";
				SDKROOT = watchos;
				SWIFT_EMIT_LOC_STRINGS = NO;
				SWIFT_VERSION = 5.0;
				TARGETED_DEVICE_FAMILY = 4;
				TEST_HOST = "$(BUILT_PRODUCTS_DIR)/Pokedex Watch App.app/$(BUNDLE_EXECUTABLE_FOLDER_PATH)/Pokedex Watch App";
				VALIDATE_PRODUCT = YES;
				WATCHOS_DEPLOYMENT_TARGET = 10.5;
			};
			name = Release;
		};
		1F4430DB2C6BAE9C00A4A7D8 /* Debug */ = {
			isa = XCBuildConfiguration;
			baseConfigurationReference = 2D3FB6A991B7FE0A31FBF050 /* Pods-Pokedex Watch App-Pokedex Watch AppUITests.debug.xcconfig */;
			buildSettings = {
				ALWAYS_EMBED_SWIFT_STANDARD_LIBRARIES = YES;
				CODE_SIGN_STYLE = Automatic;
				CURRENT_PROJECT_VERSION = 1;
				DEVELOPMENT_TEAM = J4M3U924JV;
				GENERATE_INFOPLIST_FILE = YES;
				MARKETING_VERSION = 1.0;
				PRODUCT_BUNDLE_IDENTIFIER = "com.ricardosalotti.Pokedex-Watch-AppUITests";
				PRODUCT_NAME = "$(TARGET_NAME)";
				SDKROOT = watchos;
				SWIFT_EMIT_LOC_STRINGS = NO;
				SWIFT_VERSION = 5.0;
				TARGETED_DEVICE_FAMILY = 4;
				TEST_TARGET_NAME = "Pokedex Watch App";
				WATCHOS_DEPLOYMENT_TARGET = 10.5;
			};
			name = Debug;
		};
		1F4430DC2C6BAE9C00A4A7D8 /* Release */ = {
			isa = XCBuildConfiguration;
			baseConfigurationReference = 9B5C83CDD64A5F35DA846BC4 /* Pods-Pokedex Watch App-Pokedex Watch AppUITests.release.xcconfig */;
			buildSettings = {
				ALWAYS_EMBED_SWIFT_STANDARD_LIBRARIES = YES;
				CODE_SIGN_STYLE = Automatic;
				CURRENT_PROJECT_VERSION = 1;
				DEVELOPMENT_TEAM = J4M3U924JV;
				GENERATE_INFOPLIST_FILE = YES;
				MARKETING_VERSION = 1.0;
				PRODUCT_BUNDLE_IDENTIFIER = "com.ricardosalotti.Pokedex-Watch-AppUITests";
				PRODUCT_NAME = "$(TARGET_NAME)";
				SDKROOT = watchos;
				SWIFT_EMIT_LOC_STRINGS = NO;
				SWIFT_VERSION = 5.0;
				TARGETED_DEVICE_FAMILY = 4;
				TEST_TARGET_NAME = "Pokedex Watch App";
				VALIDATE_PRODUCT = YES;
				WATCHOS_DEPLOYMENT_TARGET = 10.5;
			};
			name = Release;
		};
/* End XCBuildConfiguration section */

/* Begin XCConfigurationList section */
		1F4430A12C6BAE9A00A4A7D8 /* Build configuration list for PBXProject "Pokedex" */ = {
			isa = XCConfigurationList;
			buildConfigurations = (
				1F4430CE2C6BAE9C00A4A7D8 /* Debug */,
				1F4430CF2C6BAE9C00A4A7D8 /* Release */,
			);
			defaultConfigurationIsVisible = 0;
			defaultConfigurationName = Release;
		};
		1F4430D02C6BAE9C00A4A7D8 /* Build configuration list for PBXNativeTarget "Pokedex Watch App" */ = {
			isa = XCConfigurationList;
			buildConfigurations = (
				1F4430D12C6BAE9C00A4A7D8 /* Debug */,
				1F4430D22C6BAE9C00A4A7D8 /* Release */,
			);
			defaultConfigurationIsVisible = 0;
			defaultConfigurationName = Release;
		};
		1F4430D42C6BAE9C00A4A7D8 /* Build configuration list for PBXNativeTarget "Pokedex" */ = {
			isa = XCConfigurationList;
			buildConfigurations = (
				1F4430D52C6BAE9C00A4A7D8 /* Debug */,
				1F4430D62C6BAE9C00A4A7D8 /* Release */,
			);
			defaultConfigurationIsVisible = 0;
			defaultConfigurationName = Release;
		};
		1F4430D72C6BAE9C00A4A7D8 /* Build configuration list for PBXNativeTarget "Pokedex Watch AppTests" */ = {
			isa = XCConfigurationList;
			buildConfigurations = (
				1F4430D82C6BAE9C00A4A7D8 /* Debug */,
				1F4430D92C6BAE9C00A4A7D8 /* Release */,
			);
			defaultConfigurationIsVisible = 0;
			defaultConfigurationName = Release;
		};
		1F4430DA2C6BAE9C00A4A7D8 /* Build configuration list for PBXNativeTarget "Pokedex Watch AppUITests" */ = {
			isa = XCConfigurationList;
			buildConfigurations = (
				1F4430DB2C6BAE9C00A4A7D8 /* Debug */,
				1F4430DC2C6BAE9C00A4A7D8 /* Release */,
			);
			defaultConfigurationIsVisible = 0;
			defaultConfigurationName = Release;
		};
/* End XCConfigurationList section */
	};
	rootObject = 1F44309E2C6BAE9A00A4A7D8 /* Project object */;
}
